# THIS IS AN AUTOGENERATED FILE. DO NOT EDIT THIS FILE DIRECTLY.
# yarn lockfile v1


injection-js@^2.2.2:
  version "2.2.2"
  resolved "https://registry.yarnpkg.com/injection-js/-/injection-js-2.2.2.tgz#5bfbeb951ab7bc8e1f359dea5d20e10ed4b84cef"
  integrity sha512-9K4fW2NNPG3JCvORx5G/T6q/PZYIr43RFgxBvtk3OV4omh5iqvpK4cChuBfhgPnRbXSgZRfuROh0XG5KNA8Xlg==

typescript@^3.6.2:
  version "3.6.2"
  resolved "https://registry.yarnpkg.com/typescript/-/typescript-3.6.2.tgz#105b0f1934119dde543ac8eb71af3a91009efe54"
  integrity sha512-lmQ4L+J6mnu3xweP8+rOrUwzmN+MRAj7TgtJtDaXE5PMyX2kCrklhg3rvOsOIfNeAWMQWO2F1GPc1kMD2vLAfw==
